
Microsoft Visual Studio Solution File, Format Version 12.00
# Visual Studio Version 17
VisualStudioVersion = 17.10.35122.118
MinimumVisualStudioVersion = 10.0.40219.1
Project("{2150E333-8FDC-42A3-9474-1A3956D46DE8}") = "src", "src", "{3C3C42A9-62B0-480F-8D13-96E16D830C86}"
EndProject
Project("{2150E333-8FDC-42A3-9474-1A3956D46DE8}") = "tests", "tests", "{63891176-18A1-4942-B468-BC2D2F8B860C}"
EndProject
Project("{FAE04EC0-301F-11D3-BF4B-00C04F79EFBC}") = "Nameless.RawgClient", "src\Nameless.RawgClient\Nameless.RawgClient.csproj", "{8B616001-88E5-4D2B-903A-B8444A990B8B}"
EndProject
Project("{FAE04EC0-301F-11D3-BF4B-00C04F79EFBC}") = "Nameless.RawgClient.Contracts", "src\Nameless.RawgClient.Contracts\Nameless.RawgClient.Contracts.csproj", "{3867EB69-2CD6-42F0-A297-01D1659B6DFD}"
EndProject
Project("{FAE04EC0-301F-11D3-BF4B-00C04F79EFBC}") = "Nameless.RawgClient.UnitTests", "tests\Nameless.RawgClient.UnitTests\Nameless.RawgClient.UnitTests.csproj", "{9EDF7F14-21C9-477E-BB7B-C6073DFD81AF}"
EndProject
Global
	GlobalSection(SolutionConfigurationPlatforms) = preSolution
		Debug|Any CPU = Debug|Any CPU
		Release|Any CPU = Release|Any CPU
	EndGlobalSection
	GlobalSection(ProjectConfigurationPlatforms) = postSolution
		{8B616001-88E5-4D2B-903A-B8444A990B8B}.Debug|Any CPU.ActiveCfg = Debug|Any CPU
		{8B616001-88E5-4D2B-903A-B8444A990B8B}.Debug|Any CPU.Build.0 = Debug|Any CPU
		{8B616001-88E5-4D2B-903A-B8444A990B8B}.Release|Any CPU.ActiveCfg = Release|Any CPU
		{8B616001-88E5-4D2B-903A-B8444A990B8B}.Release|Any CPU.Build.0 = Release|Any CPU
		{3867EB69-2CD6-42F0-A297-01D1659B6DFD}.Debug|Any CPU.ActiveCfg = Debug|Any CPU
		{3867EB69-2CD6-42F0-A297-01D1659B6DFD}.Debug|Any CPU.Build.0 = Debug|Any CPU
		{3867EB69-2CD6-42F0-A297-01D1659B6DFD}.Release|Any CPU.ActiveCfg = Release|Any CPU
		{3867EB69-2CD6-42F0-A297-01D1659B6DFD}.Release|Any CPU.Build.0 = Release|Any CPU
		{9EDF7F14-21C9-477E-BB7B-C6073DFD81AF}.Debug|Any CPU.ActiveCfg = Debug|Any CPU
		{9EDF7F14-21C9-477E-BB7B-C6073DFD81AF}.Debug|Any CPU.Build.0 = Debug|Any CPU
		{9EDF7F14-21C9-477E-BB7B-C6073DFD81AF}.Release|Any CPU.ActiveCfg = Release|Any CPU
		{9EDF7F14-21C9-477E-BB7B-C6073DFD81AF}.Release|Any CPU.Build.0 = Release|Any CPU
	EndGlobalSection
	GlobalSection(SolutionProperties) = preSolution
		HideSolutionNode = FALSE
	EndGlobalSection
	GlobalSection(NestedProjects) = preSolution
		{8B616001-88E5-4D2B-903A-B8444A990B8B} = {3C3C42A9-62B0-480F-8D13-96E16D830C86}
		{3867EB69-2CD6-42F0-A297-01D1659B6DFD} = {3C3C42A9-62B0-480F-8D13-96E16D830C86}
		{9EDF7F14-21C9-477E-BB7B-C6073DFD81AF} = {63891176-18A1-4942-B468-BC2D2F8B860C}
	EndGlobalSection
	GlobalSection(ExtensibilityGlobals) = postSolution
		SolutionGuid = {F9942502-1336-4D63-8B74-58A9536BAD0F}
	EndGlobalSection
EndGlobal
